
Microsoft Visual Studio Solution File, Format Version 12.00
# Visual Studio Version 17
VisualStudioVersion = 17.13.35931.197 d17.13
MinimumVisualStudioVersion = 10.0.40219.1
Project("{FAE04EC0-301F-11D3-BF4B-00C04F79EFBC}") = "HotelsApiProject", "HotelsApiProject\HotelsApiProject.csproj", "{1C0557F0-C574-469C-BA42-ABD93F89619F}"
EndProject
Global
	GlobalSection(SolutionConfigurationPlatforms) = preSolution
		Debug|Any CPU = Debug|Any CPU
		Release|Any CPU = Release|Any CPU
	EndGlobalSection
	GlobalSection(ProjectConfigurationPlatforms) = postSolution
		{1C0557F0-C574-469C-BA42-ABD93F89619F}.Debug|Any CPU.ActiveCfg = Debug|Any CPU
		{1C0557F0-C574-469C-BA42-ABD93F89619F}.Debug|Any CPU.Build.0 = Debug|Any CPU
		{1C0557F0-C574-469C-BA42-ABD93F89619F}.Release|Any CPU.ActiveCfg = Release|Any CPU
		{1C0557F0-C574-469C-BA42-ABD93F89619F}.Release|Any CPU.Build.0 = Release|Any CPU
	EndGlobalSection
	GlobalSection(SolutionProperties) = preSolution
		HideSolutionNode = FALSE
	EndGlobalSection
	GlobalSection(ExtensibilityGlobals) = postSolution
		SolutionGuid = {A343013C-FDDA-44EA-90C7-C15666BEE2F4}
	EndGlobalSection
EndGlobal
